
Microsoft Visual Studio Solution File, Format Version 12.00
# Visual Studio Version 16
VisualStudioVersion = 16.0.31112.23
MinimumVisualStudioVersion = 10.0.40219.1
Project("{FAE04EC0-301F-11D3-BF4B-00C04F79EFBC}") = "ProductTemplateImageGen", "ProductTemplateImageGen.csproj", "{D5FE4389-BD02-4CCF-9685-027E0F2E41B8}"
EndProject
Global
	GlobalSection(SolutionConfigurationPlatforms) = preSolution
		Debug|Any CPU = Debug|Any CPU
		Release|Any CPU = Release|Any CPU
	EndGlobalSection
	GlobalSection(ProjectConfigurationPlatforms) = postSolution
		{D5FE4389-BD02-4CCF-9685-027E0F2E41B8}.Debug|Any CPU.ActiveCfg = Debug|Any CPU
		{D5FE4389-BD02-4CCF-9685-027E0F2E41B8}.Debug|Any CPU.Build.0 = Debug|Any CPU
		{D5FE4389-BD02-4CCF-9685-027E0F2E41B8}.Release|Any CPU.ActiveCfg = Release|Any CPU
		{D5FE4389-BD02-4CCF-9685-027E0F2E41B8}.Release|Any CPU.Build.0 = Release|Any CPU
	EndGlobalSection
	GlobalSection(SolutionProperties) = preSolution
		HideSolutionNode = FALSE
	EndGlobalSection
	GlobalSection(ExtensibilityGlobals) = postSolution
		SolutionGuid = {E80868D5-3155-4508-931A-0EC698BE0005}
	EndGlobalSection
EndGlobal
